<?xml version="1.0" encoding="utf-8"?>
<Project ToolsVersion="4.0" xmlns="http://schemas.microsoft.com/developer/msbuild/2003">
  <ItemGroup>
    <ClCompile Include="pcisw_api.cpp" />
    <ClCompile Include="$(IntDir)pcisw_api_lrpc_c.c">
      <Filter>ipc</Filter>
    </ClCompile>
  </ItemGroup>
  <ItemGroup>
    <ClInclude Include="..\include\pcisw\pcisw_api.h">
      <Filter>include</Filter>
    </ClInclude>
  </ItemGroup>
  <ItemGroup>
    <Filter Include="ipc">
      <UniqueIdentifier>{2822ad38-9d37-422b-a0a9-8b53c51d6edb}</UniqueIdentifier>
    </Filter>
    <Filter Include="include">
      <UniqueIdentifier>{42e90d8a-21b8-425b-9df3-7fb854d425cb}</UniqueIdentifier>
    </Filter>
  </ItemGroup>
  <ItemGroup>
    <Midl Include="..\rpc\pcisw_api_lrpc.idl">
      <Filter>ipc</Filter>
    </Midl>
  </ItemGroup>
</Project>